# Generated by pub
# See https://dart.dev/tools/pub/glossary#lockfile
packages:
  archive:
    dependency: transitive
    description:
      name: archive
      sha256: "80e5141fafcb3361653ce308776cfd7d45e6e9fbb429e14eec571382c0c5fecb"
      url: "https://pub.dartlang.org"
    source: hosted
    version: "3.3.2"
  args:
    dependency: transitive
    description:
      name: args
      sha256: ad180a697bf97dd54ab519a4665c57683bf4f70649a18671cea661cf0397c055
      url: "https://pub.dartlang.org"
    source: hosted
    version: "2.1.0"
  asn1lib:
    dependency: transitive
    description:
      name: asn1lib
      sha256: "3fe6429f90bf78422becd2234212148b4911863260eb53c088cd154d39c5b049"
      url: "https://pub.dartlang.org"
    source: hosted
    version: "1.0.0"
  async:
    dependency: transitive
    description:
      name: async
      sha256: bfe67ef28df125b7dddcea62755991f807aa39a2492a23e1550161692950bbe0
      url: "https://pub.dartlang.org"
    source: hosted
    version: "2.10.0"
  at_backupkey_flutter:
    dependency: "direct main"
    description:
      name: at_backupkey_flutter
      sha256: "70acbb893f287500c6119cf691132dd2b9ef9706bb7247b2a1f2e2fc535d377d"
      url: "https://pub.dartlang.org"
    source: hosted
    version: "1.0.0+3"
  at_client:
    dependency: transitive
    description:
      name: at_client
      sha256: "176d614875950121ccc48d3242d9d89ea27400edeaee33d381dabc7250ba1db7"
      url: "https://pub.dartlang.org"
    source: hosted
    version: "1.0.1+9"
  at_client_mobile:
    dependency: "direct main"
    description:
      name: at_client_mobile
      sha256: "1f4640a58e0d309184a59b73e6c0d6e32f76dca2a5d83281a3729740e09c79a8"
      url: "https://pub.dartlang.org"
    source: hosted
    version: "1.0.0+10"
  at_commons:
    dependency: "direct main"
    description:
      name: at_commons
      sha256: b5aba83a349f524e68da6d60568359b8da6bfedf37ee55fb4c32e2b48e554732
      url: "https://pub.dartlang.org"
    source: hosted
    version: "1.0.1+7"
  at_demo_data:
    dependency: "direct main"
    description:
      name: at_demo_data
      sha256: dc4680d3bc8cafd3ef28cdf84d715edee7a4d9c0ac00c69bd7ff69934a7f59d3
      url: "https://pub.dartlang.org"
    source: hosted
    version: "0.0.3+1"
  at_lookup:
    dependency: transitive
    description:
      name: at_lookup
      sha256: "6ae5a527544e5d02ef66481483c2427ff6ac5e24e87d44fd835e1166de94bb79"
      url: "https://pub.dartlang.org"
    source: hosted
    version: "1.0.0+7"
  at_onboarding_flutter:
    dependency: "direct main"
    description:
      name: at_onboarding_flutter
      sha256: "1983697c0a7c7e3d9da4b56df36fb668e3061e2d960aff69b3df7bee5915b22f"
      url: "https://pub.dartlang.org"
    source: hosted
    version: "1.0.0+4"
  at_persistence_secondary_server:
    dependency: transitive
    description:
      name: at_persistence_secondary_server
      sha256: "39c42ec49010891779630d3ab82896a88ebfd0a084e0505598694e99e7bea754"
      url: "https://pub.dartlang.org"
    source: hosted
    version: "1.0.1+7"
  at_persistence_spec:
    dependency: transitive
    description:
      name: at_persistence_spec
      sha256: "9700ec8969882f06b63e0c8b37f3e65dea87ec807934a9939d992ed99d704163"
      url: "https://pub.dartlang.org"
    source: hosted
    version: "1.0.1+3"
  at_server_status:
    dependency: "direct main"
    description:
      name: at_server_status
      sha256: db6833811d131129256d36397d2f37be5c0d183835b39a4b7966b6461cfa931d
      url: "https://pub.dartlang.org"
    source: hosted
    version: "0.1.0+2"
  at_utils:
    dependency: transitive
    description:
      name: at_utils
      sha256: "38749b747b3434fae68a29101e63c44edf1e4c5c2156efe0e27533350417df07"
      url: "https://pub.dartlang.org"
    source: hosted
    version: "1.0.1+7"
  auto_size_text:
    dependency: "direct main"
    description:
      name: auto_size_text
      sha256: "5d4a6d29727505dfa186b7c05afa19d9ac4166b139985e37b29cb212ec26bcb5"
      url: "https://pub.dartlang.org"
    source: hosted
    version: "2.1.0"
  base2e15:
    dependency: transitive
    description:
      name: base2e15
      sha256: "0bc7940e43c78070307b2554be3cf24274bd8ff573cc0a35d5cefd20c23528f0"
      url: "https://pub.dartlang.org"
    source: hosted
    version: "0.3.0"
  boolean_selector:
    dependency: transitive
    description:
      name: boolean_selector
      sha256: "6cfb5af12253eaf2b368f07bacc5a80d1301a071c73360d746b7f2e32d762c66"
      url: "https://pub.dartlang.org"
    source: hosted
    version: "2.1.1"
  characters:
    dependency: transitive
    description:
      name: characters
      sha256: e6a326c8af69605aec75ed6c187d06b349707a27fbff8222ca9cc2cff167975c
      url: "https://pub.dartlang.org"
    source: hosted
    version: "1.2.1"
  charcode:
    dependency: transitive
    description:
      name: charcode
      sha256: "8e36feea6de5ea69f2199f29cf42a450a855738c498b57c0b980e2d3cca9c362"
      url: "https://pub.dartlang.org"
    source: hosted
    version: "1.2.0"
  clock:
    dependency: transitive
    description:
      name: clock
      sha256: cb6d7f03e1de671e34607e909a7213e31d7752be4fb66a86d29fe1eb14bfb5cf
      url: "https://pub.dartlang.org"
    source: hosted
    version: "1.1.1"
  collection:
    dependency: transitive
    description:
      name: collection
      sha256: cfc915e6923fe5ce6e153b0723c753045de46de1b4d63771530504004a45fae0
      url: "https://pub.dartlang.org"
    source: hosted
    version: "1.17.0"
  convert:
    dependency: transitive
    description:
      name: convert
      sha256: "3fa83bc417e26f1d55814443a603747d48e3cdf55b2f4fea27dea8e9224dcefd"
      url: "https://pub.dartlang.org"
    source: hosted
    version: "2.1.1"
  cron:
    dependency: transitive
    description:
      name: cron
      sha256: c7b2d29af6e1c60aa13577e6dff92ce3e6a0346434c2f0fb361d6e802a59ca04
      url: "https://pub.dartlang.org"
    source: hosted
    version: "0.2.4"
  crypto:
    dependency: "direct overridden"
    description:
      name: crypto
      sha256: "8be10341257b613566fdc9fd073c46f7c032ed329b1c732bda17aca29f2366c8"
      url: "https://pub.dartlang.org"
    source: hosted
    version: "3.0.0"
  crypton:
    dependency: transitive
    description:
      name: crypton
      sha256: "74e84561babd3f4732f5fc533c8d8feff1e9d23d3c62b71215c015c41102f8fb"
      url: "https://pub.dartlang.org"
    source: hosted
    version: "2.0.1"
  encrypt:
    dependency: transitive
    description:
      name: encrypt
      sha256: e0389e80d523df05de1494e2e70e204e2ebafeaaf387bd726622e4cd89636eb8
      url: "https://pub.dartlang.org"
    source: hosted
    version: "5.0.0"
  fake_async:
    dependency: transitive
    description:
      name: fake_async
      sha256: "511392330127add0b769b75a987850d136345d9227c6b94c96a04cf4a391bf78"
      url: "https://pub.dartlang.org"
    source: hosted
    version: "1.3.1"
  ffi:
    dependency: transitive
    description:
      name: ffi
      sha256: d97fffd9d86f3dccc7a9059128b468a99320c69007cc9d41a3a1bda07d4e86dc
      url: "https://pub.dartlang.org"
    source: hosted
    version: "1.0.0"
  file:
    dependency: transitive
    description:
      name: file
      sha256: "716a02ed2fabe2d0cc0fa0bcaefae83c412e8aef6c559aa394ed7c12ec5b981b"
      url: "https://pub.dartlang.org"
    source: hosted
    version: "6.0.0"
  file_picker:
    dependency: transitive
    description:
      name: file_picker
      sha256: "79160736391eb2652104beea9ffa63096868f32997d959fc02037152d509c3eb"
      url: "https://pub.dartlang.org"
    source: hosted
    version: "3.0.2+2"
  flutter:
    dependency: "direct main"
    description: flutter
    source: sdk
    version: "0.0.0"
  flutter_keychain:
    dependency: transitive
    description:
      name: flutter_keychain
      sha256: "56470d8aec2eeea08d8c22465fc757e5eb7c60315f8cbfe9ebcf12c6dc08ad84"
      url: "https://pub.dartlang.org"
    source: hosted
    version: "1.0.0"
  flutter_local_notifications:
    dependency: "direct main"
    description:
      name: flutter_local_notifications
      sha256: "861dd7a5c15606de973211095a7e18df5cafa7474e5bc196896da8e9d0eb39cd"
      url: "https://pub.dartlang.org"
    source: hosted
    version: "5.0.0+4"
  flutter_local_notifications_platform_interface:
    dependency: transitive
    description:
      name: flutter_local_notifications_platform_interface
      sha256: "60a02e35c59420d8a4af29a722512adc3c544206adf0338e0dfa902b463bf8e8"
      url: "https://pub.dartlang.org"
    source: hosted
    version: "3.0.0"
  flutter_plugin_android_lifecycle:
    dependency: transitive
    description:
      name: flutter_plugin_android_lifecycle
      sha256: aa36b33c721ac6e889adad07e3c87e6a07b33c28d1f2bc22f2561762cd7d2162
      url: "https://pub.dartlang.org"
    source: hosted
    version: "2.0.2"
  flutter_qr_reader:
    dependency: "direct main"
    description:
      name: flutter_qr_reader
      sha256: "201168208410ce74b2e5b05b28aace2af3baf6946e90c784b089eb6a33876246"
      url: "https://pub.dartlang.org"
    source: hosted
    version: "1.0.5"
  flutter_test:
    dependency: "direct dev"
    description: flutter
    source: sdk
    version: "0.0.0"
  flutter_web_plugins:
    dependency: transitive
    description: flutter
    source: sdk
    version: "0.0.0"
  font_awesome_flutter:
    dependency: "direct main"
    description:
      name: font_awesome_flutter
      sha256: "444af62d91e753b1e221d9f3e2f8df48a995962f33bef77773059cec4dac2c47"
      url: "https://pub.dartlang.org"
    source: hosted
    version: "8.12.0"
  hive:
    dependency: transitive
    description:
      name: hive
      sha256: a1f4139652c24d013a509a939eea7897db5e7bd8f64d0d32ef692d6f324d767d
      url: "https://pub.dartlang.org"
    source: hosted
    version: "2.0.4"
  http:
    dependency: transitive
    description:
      name: http
      sha256: b6f1f143a71e1fe1b34670f1acd6f13960ade2557c96b87e127e0cf661969791
      url: "https://pub.dartlang.org"
    source: hosted
    version: "0.13.3"
  http_parser:
    dependency: transitive
    description:
      name: http_parser
      sha256: e362d639ba3bc07d5a71faebb98cde68c05bfbcfbbb444b60b6f60bb67719185
      url: "https://pub.dartlang.org"
    source: hosted
    version: "4.0.0"
  image:
    dependency: "direct main"
    description:
      name: image
      sha256: "3e5c9ef82c0af7823be4cb5294a829a6e0548a6f6b4e261e6386509a9e03bcab"
      url: "https://pub.dartlang.org"
    source: hosted
    version: "3.0.2"
  image_cropper:
    dependency: "direct main"
    description:
      name: image_cropper
      sha256: df7157bf7c018dde09a66a72984b138712159443afa956b823ece5525bdd29d8
      url: "https://pub.dartlang.org"
    source: hosted
    version: "1.4.0"
  image_picker:
    dependency: "direct main"
    description:
      name: image_picker
      sha256: "28f7691796af71514655186e81ebe35573a1bfe1052c1a53ae1dba9d10a05f42"
      url: "https://pub.dartlang.org"
    source: hosted
    version: "0.7.5+3"
  image_picker_for_web:
    dependency: transitive
    description:
      name: image_picker_for_web
      sha256: "3a19a450114c989183d82345afdfb570056cdffe889f4e75539d558382f7bdbc"
      url: "https://pub.dartlang.org"
    source: hosted
    version: "2.0.0"
  image_picker_platform_interface:
    dependency: transitive
    description:
      name: image_picker_platform_interface
      sha256: a215b240f605e616c76ce8ee3ac792726238a4b416c4b7f5c596f72bdb6e8df1
      url: "https://pub.dartlang.org"
    source: hosted
    version: "2.1.0"
  js:
    dependency: transitive
    description:
      name: js
      sha256: "5528c2f391ededb7775ec1daa69e65a2d61276f7552de2b5f7b8d34ee9fd4ab7"
      url: "https://pub.dartlang.org"
    source: hosted
    version: "0.6.5"
  logging:
    dependency: transitive
    description:
      name: logging
      sha256: "239402c239e2a390cf745af3a496fb985dc8f0b31b3f5fe0d460e42289d33ad7"
      url: "https://pub.dartlang.org"
    source: hosted
    version: "0.11.4"
  matcher:
    dependency: transitive
    description:
      name: matcher
      sha256: "16db949ceee371e9b99d22f88fa3a73c4e59fd0afed0bd25fc336eb76c198b72"
      url: "https://pub.dartlang.org"
    source: hosted
    version: "0.12.13"
  material_color_utilities:
    dependency: transitive
    description:
      name: material_color_utilities
      sha256: d92141dc6fe1dad30722f9aa826c7fbc896d021d792f80678280601aff8cf724
      url: "https://pub.dartlang.org"
    source: hosted
    version: "0.2.0"
  material_design_icons_flutter:
    dependency: "direct main"
    description:
      name: material_design_icons_flutter
      sha256: "1633406c41b1eea724e2b8847d37cb09d1b94ce3cd8ad9c440516b1b734ded52"
      url: "https://pub.dartlang.org"
    source: hosted
    version: "4.0.5955"
  meta:
    dependency: transitive
    description:
      name: meta
      sha256: "6c268b42ed578a53088d834796959e4a1814b5e9e164f147f580a386e5decf42"
      url: "https://pub.dartlang.org"
    source: hosted
    version: "1.8.0"
  mime:
    dependency: transitive
    description:
      name: mime
      sha256: a7a98ea7f366e2cc9d2b20873815aebec5e2bc124fe0da9d3f7f59b0625ea180
      url: "https://pub.dartlang.org"
    source: hosted
    version: "1.0.0"
  nested:
    dependency: transitive
    description:
      name: nested
      sha256: "03bac4c528c64c95c722ec99280375a6f2fc708eec17c7b3f07253b626cd2a20"
      url: "https://pub.dartlang.org"
    source: hosted
    version: "1.0.0"
  path:
    dependency: transitive
    description:
      name: path
      sha256: db9d4f58c908a4ba5953fcee2ae317c94889433e5024c27ce74a37f94267945b
      url: "https://pub.dartlang.org"
    source: hosted
    version: "1.8.2"
  path_provider:
    dependency: "direct main"
    description:
      name: path_provider
      sha256: aa1b3572707c240d72569ce01756728cf0c8dca0cc381253d8ca2858c13edfe4
      url: "https://pub.dartlang.org"
    source: hosted
    version: "2.0.1"
  path_provider_linux:
    dependency: transitive
    description:
      name: path_provider_linux
      sha256: "938d2b6591587bcb009d2109a6ea464fd8fb2a75dc6423171b0d0afb1d27c708"
      url: "https://pub.dartlang.org"
    source: hosted
    version: "2.0.0"
  path_provider_macos:
    dependency: transitive
    description:
      name: path_provider_macos
      sha256: eb58b896ea3a504f0b0fa7870646bda6935a6f752b2a54df33f97070dacca8d4
      url: "https://pub.dartlang.org"
    source: hosted
    version: "2.0.0"
  path_provider_platform_interface:
    dependency: transitive
    description:
      name: path_provider_platform_interface
      sha256: c2af5a8a6369992d915f8933dfc23172071001359d17896e83db8be57db8a397
      url: "https://pub.dartlang.org"
    source: hosted
    version: "2.0.1"
  path_provider_windows:
    dependency: transitive
    description:
      name: path_provider_windows
      sha256: "99bb2d003df56a2a846e23f716bbf713a1d36d3e2a7d7e99ca4b01aeae80045a"
      url: "https://pub.dartlang.org"
    source: hosted
    version: "2.0.1"
  pedantic:
    dependency: "direct main"
    description:
      name: pedantic
      sha256: "8f6460c77a98ad2807cd3b98c67096db4286f56166852d0ce5951bb600a63594"
      url: "https://pub.dartlang.org"
    source: hosted
    version: "1.11.0"
  permission_handler:
    dependency: "direct main"
    description:
      name: permission_handler
      sha256: "390a98f0b998e78f839a687a41ed6fb887103c96224ce43be3d4f2b3cbc2b720"
      url: "https://pub.dartlang.org"
    source: hosted
    version: "6.1.3"
  permission_handler_platform_interface:
    dependency: transitive
    description:
      name: permission_handler_platform_interface
      sha256: dba4e4b2fdb7b93883896249ce30c49c5598ae417a1e9384c8fc81106da198e7
      url: "https://pub.dartlang.org"
    source: hosted
    version: "3.5.0"
  petitparser:
    dependency: transitive
    description:
      name: petitparser
      sha256: "85e8f8b118afcccf948a9844d199e56260117400bd9b9982d87bf1d62ebc1690"
      url: "https://pub.dartlang.org"
    source: hosted
    version: "4.1.0"
  platform:
    dependency: transitive
    description:
      name: platform
      sha256: ebc79f16b5f6b609aad4a5e63447d4795d16f7adee46e93ed03200848c006735
      url: "https://pub.dartlang.org"
    source: hosted
    version: "3.0.0"
  plugin_platform_interface:
    dependency: transitive
    description:
      name: plugin_platform_interface
      sha256: c2c49e16d42fd6983eb55e44b7f197fdf16b4da7aab7f8e1d21da307cad3fb02
      url: "https://pub.dartlang.org"
    source: hosted
    version: "2.0.0"
  pointycastle:
    dependency: transitive
    description:
      name: pointycastle
      sha256: a74ed4039c152dd319514f142768d93ad3973860b240d90160cec727c8155f65
      url: "https://pub.dartlang.org"
    source: hosted
    version: "3.0.1"
  process:
    dependency: transitive
    description:
      name: process
      sha256: "7009fcaa731943cfd124f11e23428bf9ceb38f08df079fb79c915fa726a5a739"
      url: "https://pub.dartlang.org"
    source: hosted
    version: "4.0.0"
  provider:
    dependency: "direct main"
    description:
      name: provider
      sha256: "59471e0a4595e264625d3496af567ac85bdae1148ec985aff1e0555786f53ecf"
      url: "https://pub.dartlang.org"
    source: hosted
    version: "5.0.0"
  receive_sharing_intent:
    dependency: "direct main"
    description:
      name: receive_sharing_intent
      sha256: "912bebb551bce75a14098891fd750305b30d53eba0d61cc70cd9973be9866e8d"
      url: "https://pub.dartlang.org"
    source: hosted
    version: "1.4.5"
  share:
    dependency: transitive
    description:
      name: share
      sha256: "97e6403f564ed1051a01534c2fc919cb6e40ea55e60a18ec23cee6e0ce19f4be"
      url: "https://pub.dartlang.org"
    source: hosted
    version: "2.0.4"
  sky_engine:
    dependency: transitive
    description: flutter
    source: sdk
    version: "0.0.99"
  source_span:
    dependency: transitive
    description:
      name: source_span
      sha256: dd904f795d4b4f3b870833847c461801f6750a9fa8e61ea5ac53f9422b31f250
      url: "https://pub.dartlang.org"
    source: hosted
    version: "1.9.1"
  stack_trace:
    dependency: transitive
    description:
      name: stack_trace
      sha256: c3c7d8edb15bee7f0f74debd4b9c5f3c2ea86766fe4178eb2a18eb30a0bdaed5
      url: "https://pub.dartlang.org"
    source: hosted
    version: "1.11.0"
  stream_channel:
    dependency: transitive
    description:
      name: stream_channel
      sha256: "83615bee9045c1d322bbbd1ba209b7a749c2cbcdcb3fdd1df8eb488b3279c1c8"
      url: "https://pub.dartlang.org"
    source: hosted
    version: "2.1.1"
  string_scanner:
    dependency: transitive
    description:
      name: string_scanner
      sha256: "556692adab6cfa87322a115640c11f13cb77b3f076ddcc5d6ae3c20242bedcde"
      url: "https://pub.dartlang.org"
    source: hosted
    version: "1.2.0"
  term_glyph:
    dependency: transitive
    description:
      name: term_glyph
      sha256: a29248a84fbb7c79282b40b8c72a1209db169a2e0542bce341da992fe1bc7e84
      url: "https://pub.dartlang.org"
    source: hosted
    version: "1.2.1"
  test_api:
    dependency: transitive
    description:
      name: test_api
      sha256: ad540f65f92caa91bf21dfc8ffb8c589d6e4dc0c2267818b4cc2792857706206
      url: "https://pub.dartlang.org"
    source: hosted
    version: "0.4.16"
  timezone:
    dependency: transitive
    description:
      name: timezone
      sha256: f60f389b14643ee90a3ab96ae414f77b0472e3817b5b4bf5cc9ce81ec0113f78
      url: "https://pub.dartlang.org"
    source: hosted
    version: "0.7.0"
  typed_data:
    dependency: transitive
    description:
      name: typed_data
      sha256: "53bdf7e979cfbf3e28987552fd72f637e63f3c8724c9e56d9246942dc2fa36ee"
      url: "https://pub.dartlang.org"
    source: hosted
    version: "1.3.0"
  uni_links:
    dependency: "direct main"
    description:
      name: uni_links
      sha256: "67be668c3a1b64dd9c199de53f948eadb2903523b225997834dacb653a665855"
      url: "https://pub.dartlang.org"
    source: hosted
    version: "0.2.0"
  url_launcher:
    dependency: "direct main"
    description:
      name: url_launcher
      sha256: "78faf88c694c29969748cbbbd5a22fec587195a61bfa841a295f0c82db7662db"
      url: "https://pub.dartlang.org"
    source: hosted
    version: "6.0.4"
  url_launcher_linux:
    dependency: transitive
    description:
      name: url_launcher_linux
      sha256: "86f3f393cde6bed2a05bfc7f05e52aeaf4f9911a3ad9ff78a42e89e57e5a264a"
      url: "https://pub.dartlang.org"
    source: hosted
    version: "2.0.0"
  url_launcher_macos:
    dependency: transitive
    description:
      name: url_launcher_macos
      sha256: f72b523da791d519aed53c12fd99c7dc50fdd1e4913da904081f3666d06334b5
      url: "https://pub.dartlang.org"
    source: hosted
    version: "2.0.0"
  url_launcher_platform_interface:
    dependency: transitive
    description:
      name: url_launcher_platform_interface
      sha256: "062ff07300fa86ed4aa48fae6c5c5187a0e0f570276bcfe589876d48f11fbb0f"
      url: "https://pub.dartlang.org"
    source: hosted
    version: "2.0.3"
  url_launcher_web:
    dependency: transitive
    description:
      name: url_launcher_web
      sha256: "057e3458dfcc4276d171ae70cd98efc6d2485bf39b93a015349754e5dec0f657"
      url: "https://pub.dartlang.org"
    source: hosted
    version: "2.0.0"
  url_launcher_windows:
    dependency: transitive
    description:
      name: url_launcher_windows
      sha256: f98b970a12236957881fa28df0c6700f03d9dc5f471cf5ca6d205b77e7ad92d2
      url: "https://pub.dartlang.org"
    source: hosted
    version: "2.0.0"
  utf7:
    dependency: transitive
    description:
      name: utf7
      sha256: cca0a630877a6d50fbb398373b15effbb26d0ff49f3713f51089dedaa4b831d2
      url: "https://pub.dartlang.org"
    source: hosted
    version: "0.2.1"
  uuid:
    dependency: transitive
    description:
      name: uuid
      sha256: "0ea20bfc625477e17f08a92d112272a071609b275ce4ca10ad853e1426ca3758"
      url: "https://pub.dartlang.org"
    source: hosted
    version: "3.0.4"
  vector_math:
    dependency: transitive
    description:
      name: vector_math
      sha256: "80b3257d1492ce4d091729e3a67a60407d227c27241d6927be0130c98e741803"
      url: "https://pub.dartlang.org"
    source: hosted
    version: "2.1.4"
  webview_flutter:
    dependency: "direct main"
    description:
      name: webview_flutter
      sha256: a24e1a4519bce8135ea456b291a5b57ecbcae7a406974760083eb333f34086bf
      url: "https://pub.dartlang.org"
    source: hosted
    version: "2.0.8"
  win32:
    dependency: transitive
    description:
      name: win32
      sha256: c0ee29e0f6e4ee5a63983aae753640adc15017b34e50424f8b45063426e19c5b
      url: "https://pub.dartlang.org"
    source: hosted
    version: "2.0.5"
  xdg_directories:
    dependency: transitive
    description:
      name: xdg_directories
      sha256: "0186b3f2d66be9a12b0295bddcf8b6f8c0b0cc2f85c6287344e2a6366bc28457"
      url: "https://pub.dartlang.org"
    source: hosted
    version: "0.2.0"
  xml:
    dependency: transitive
    description:
      name: xml
      sha256: "9d2cf96b38e3f523fb78f0102d1d4483f817f3c3a6d81f46bf1b7a430ae8d561"
      url: "https://pub.dartlang.org"
    source: hosted
    version: "5.1.1"
  yaml:
    dependency: transitive
    description:
      name: yaml
      sha256: "5ec3d7ffef5a113f664e4c61c08508e23acb2d87021645468967200d684b9274"
      url: "https://pub.dartlang.org"
    source: hosted
    version: "2.2.1"
sdks:
  dart: ">=2.12.0 <3.0.0"
  flutter: ">=2.0.0"
